
Microsoft Visual Studio Solution File, Format Version 12.00
# Visual Studio Version 16
VisualStudioVersion = 25.0.1704.2
MinimumVisualStudioVersion = 10.0.40219.1
Project("{FAE04EC0-301F-11D3-BF4B-00C04F79EFBC}") = "Homework1_6_4", "Homework1_6_4\Homework1_6_4.csproj", "{26B397F9-A5F6-4743-A9BE-060EF721ABB0}"
EndProject
Global
	GlobalSection(SolutionConfigurationPlatforms) = preSolution
		Debug|Any CPU = Debug|Any CPU
		Release|Any CPU = Release|Any CPU
	EndGlobalSection
	GlobalSection(ProjectConfigurationPlatforms) = postSolution
		{26B397F9-A5F6-4743-A9BE-060EF721ABB0}.Debug|Any CPU.ActiveCfg = Debug|Any CPU
		{26B397F9-A5F6-4743-A9BE-060EF721ABB0}.Debug|Any CPU.Build.0 = Debug|Any CPU
		{26B397F9-A5F6-4743-A9BE-060EF721ABB0}.Release|Any CPU.ActiveCfg = Release|Any CPU
		{26B397F9-A5F6-4743-A9BE-060EF721ABB0}.Release|Any CPU.Build.0 = Release|Any CPU
	EndGlobalSection
	GlobalSection(SolutionProperties) = preSolution
		HideSolutionNode = FALSE
	EndGlobalSection
	GlobalSection(ExtensibilityGlobals) = postSolution
		SolutionGuid = {0C8F34C3-D8AF-4D5D-B7B4-7092FEA46E31}
	EndGlobalSection
EndGlobal
